
Microsoft Visual Studio Solution File, Format Version 12.00
# Visual Studio Version 16
VisualStudioVersion = 16.0.31911.196
MinimumVisualStudioVersion = 10.0.40219.1
Project("{9A19103F-16F7-4668-BE54-9A1E7A4F7556}") = "1.Train", "1.Train\1.Train.csproj", "{4210F64F-E648-4E30-8B02-ACC04D3F1680}"
EndProject
Project("{9A19103F-16F7-4668-BE54-9A1E7A4F7556}") = "2.ChangeList", "2.ChangeList\2.ChangeList.csproj", "{DC5211DD-CAA6-4DD4-8A1D-C35B195E8B36}"
EndProject
Project("{9A19103F-16F7-4668-BE54-9A1E7A4F7556}") = "3.HouseParty", "3.HouseParty\3.HouseParty.csproj", "{86903255-F769-42D2-AA22-1FB52B008BCA}"
EndProject
Project("{9A19103F-16F7-4668-BE54-9A1E7A4F7556}") = "4.ListOperations", "5.BombNumbers\4.ListOperations.csproj", "{52DD37AF-3612-4E73-9376-6A7F3D33EED4}"
EndProject
Project("{9A19103F-16F7-4668-BE54-9A1E7A4F7556}") = "5.BombNumbers", "6.CardsGame\5.BombNumbers.csproj", "{C80F2AEE-D10C-4F3B-8545-753AF2F9F76D}"
EndProject
Project("{9A19103F-16F7-4668-BE54-9A1E7A4F7556}") = "7.AppendArrays", "7.AppendArrays\7.AppendArrays.csproj", "{5CB90223-1345-4F2F-BE68-C917CC182C3C}"
EndProject
Project("{9A19103F-16F7-4668-BE54-9A1E7A4F7556}") = "8.AnonymousThreat", "8.AnonymousThreat\8.AnonymousThreat.csproj", "{45B49B17-53C6-4189-8A81-EE0684AFED57}"
EndProject
Project("{9A19103F-16F7-4668-BE54-9A1E7A4F7556}") = "9. PokemonDon'tGo", "9. PokemonDon'tGo\9. PokemonDon'tGo.csproj", "{AEB3467A-21A3-46B3-9158-BB0EBF16601F}"
EndProject
Global
	GlobalSection(SolutionConfigurationPlatforms) = preSolution
		Debug|Any CPU = Debug|Any CPU
		Release|Any CPU = Release|Any CPU
	EndGlobalSection
	GlobalSection(ProjectConfigurationPlatforms) = postSolution
		{4210F64F-E648-4E30-8B02-ACC04D3F1680}.Debug|Any CPU.ActiveCfg = Debug|Any CPU
		{4210F64F-E648-4E30-8B02-ACC04D3F1680}.Debug|Any CPU.Build.0 = Debug|Any CPU
		{4210F64F-E648-4E30-8B02-ACC04D3F1680}.Release|Any CPU.ActiveCfg = Release|Any CPU
		{4210F64F-E648-4E30-8B02-ACC04D3F1680}.Release|Any CPU.Build.0 = Release|Any CPU
		{DC5211DD-CAA6-4DD4-8A1D-C35B195E8B36}.Debug|Any CPU.ActiveCfg = Debug|Any CPU
		{DC5211DD-CAA6-4DD4-8A1D-C35B195E8B36}.Debug|Any CPU.Build.0 = Debug|Any CPU
		{DC5211DD-CAA6-4DD4-8A1D-C35B195E8B36}.Release|Any CPU.ActiveCfg = Release|Any CPU
		{DC5211DD-CAA6-4DD4-8A1D-C35B195E8B36}.Release|Any CPU.Build.0 = Release|Any CPU
		{86903255-F769-42D2-AA22-1FB52B008BCA}.Debug|Any CPU.ActiveCfg = Debug|Any CPU
		{86903255-F769-42D2-AA22-1FB52B008BCA}.Debug|Any CPU.Build.0 = Debug|Any CPU
		{86903255-F769-42D2-AA22-1FB52B008BCA}.Release|Any CPU.ActiveCfg = Release|Any CPU
		{86903255-F769-42D2-AA22-1FB52B008BCA}.Release|Any CPU.Build.0 = Release|Any CPU
		{52DD37AF-3612-4E73-9376-6A7F3D33EED4}.Debug|Any CPU.ActiveCfg = Debug|Any CPU
		{52DD37AF-3612-4E73-9376-6A7F3D33EED4}.Debug|Any CPU.Build.0 = Debug|Any CPU
		{52DD37AF-3612-4E73-9376-6A7F3D33EED4}.Release|Any CPU.ActiveCfg = Release|Any CPU
		{52DD37AF-3612-4E73-9376-6A7F3D33EED4}.Release|Any CPU.Build.0 = Release|Any CPU
		{C80F2AEE-D10C-4F3B-8545-753AF2F9F76D}.Debug|Any CPU.ActiveCfg = Debug|Any CPU
		{C80F2AEE-D10C-4F3B-8545-753AF2F9F76D}.Debug|Any CPU.Build.0 = Debug|Any CPU
		{C80F2AEE-D10C-4F3B-8545-753AF2F9F76D}.Release|Any CPU.ActiveCfg = Release|Any CPU
		{C80F2AEE-D10C-4F3B-8545-753AF2F9F76D}.Release|Any CPU.Build.0 = Release|Any CPU
		{5CB90223-1345-4F2F-BE68-C917CC182C3C}.Debug|Any CPU.ActiveCfg = Debug|Any CPU
		{5CB90223-1345-4F2F-BE68-C917CC182C3C}.Debug|Any CPU.Build.0 = Debug|Any CPU
		{5CB90223-1345-4F2F-BE68-C917CC182C3C}.Release|Any CPU.ActiveCfg = Release|Any CPU
		{5CB90223-1345-4F2F-BE68-C917CC182C3C}.Release|Any CPU.Build.0 = Release|Any CPU
		{45B49B17-53C6-4189-8A81-EE0684AFED57}.Debug|Any CPU.ActiveCfg = Debug|Any CPU
		{45B49B17-53C6-4189-8A81-EE0684AFED57}.Debug|Any CPU.Build.0 = Debug|Any CPU
		{45B49B17-53C6-4189-8A81-EE0684AFED57}.Release|Any CPU.ActiveCfg = Release|Any CPU
		{45B49B17-53C6-4189-8A81-EE0684AFED57}.Release|Any CPU.Build.0 = Release|Any CPU
		{AEB3467A-21A3-46B3-9158-BB0EBF16601F}.Debug|Any CPU.ActiveCfg = Debug|Any CPU
		{AEB3467A-21A3-46B3-9158-BB0EBF16601F}.Debug|Any CPU.Build.0 = Debug|Any CPU
		{AEB3467A-21A3-46B3-9158-BB0EBF16601F}.Release|Any CPU.ActiveCfg = Release|Any CPU
		{AEB3467A-21A3-46B3-9158-BB0EBF16601F}.Release|Any CPU.Build.0 = Release|Any CPU
	EndGlobalSection
	GlobalSection(SolutionProperties) = preSolution
		HideSolutionNode = FALSE
	EndGlobalSection
	GlobalSection(ExtensibilityGlobals) = postSolution
		SolutionGuid = {D7948A3F-03E8-4383-A0C2-8C9B9C2A2270}
	EndGlobalSection
EndGlobal
